dependencies:
- name: kibana
  repository: oci://registry-1.docker.io/bitnamicharts
  version: 12.1.10
- name: common
  repository: oci://registry-1.docker.io/bitnamicharts
  version: 2.38.0
digest: sha256:bc4a1730b35c2d86aebfc557fb8d140a9da79c242efeced7662b8327c151c668
generated: "2026-04-20T21:22:50.104567558Z"
